# THIS IS AN AUTOGENERATED FILE. DO NOT EDIT THIS FILE DIRECTLY.
# yarn lockfile v1


"@ryyppy/rescript-promise@^2.1.0":
  version "2.1.0"
  resolved "https://registry.yarnpkg.com/@ryyppy/rescript-promise/-/rescript-promise-2.1.0.tgz#a33861274c41360cfbe872cf489f3dcb8dd526e6"
  integrity sha512-+dW6msBrj2Lr2hbEMX+HoWCvN89qVjl94RwbYWJgHQuj8jm/izdPC0YzxgpGoEFdeAEW2sOozoLcYHxT6o5WXQ==

rescript@^10.0.0-rc.1:
  version "10.0.0-rc.1"
  resolved "https://registry.yarnpkg.com/rescript/-/rescript-10.0.0-rc.1.tgz#c9b551e95eb85f00ec6cede114ba5fb3eac940ac"
  integrity sha512-NrB+hr1TcK7ZORw/wu6eAd5J4tu6PwbN5rmcx8NUiVYpuaPAXmX/4DpC0gV2j86cU2QGK/DrEIWeZlchWNDKWg==
